
Microsoft Visual Studio Solution File, Format Version 12.00
# Visual Studio Version 16
VisualStudioVersion = 25.0.1700.2
MinimumVisualStudioVersion = 10.0.40219.1
Project("{FAE04EC0-301F-11D3-BF4B-00C04F79EFBC}") = "ncheba-aspnet-webapp", "ncheba-aspnet-webapp\ncheba-aspnet-webapp.csproj", "{C8436538-3C19-416B-BF15-539D63FD38C2}"
EndProject
Global
	GlobalSection(SolutionConfigurationPlatforms) = preSolution
		Debug|Any CPU = Debug|Any CPU
		Release|Any CPU = Release|Any CPU
	EndGlobalSection
	GlobalSection(ProjectConfigurationPlatforms) = postSolution
		{C8436538-3C19-416B-BF15-539D63FD38C2}.Debug|Any CPU.ActiveCfg = Debug|Any CPU
		{C8436538-3C19-416B-BF15-539D63FD38C2}.Debug|Any CPU.Build.0 = Debug|Any CPU
		{C8436538-3C19-416B-BF15-539D63FD38C2}.Release|Any CPU.ActiveCfg = Release|Any CPU
		{C8436538-3C19-416B-BF15-539D63FD38C2}.Release|Any CPU.Build.0 = Release|Any CPU
	EndGlobalSection
	GlobalSection(SolutionProperties) = preSolution
		HideSolutionNode = FALSE
	EndGlobalSection
	GlobalSection(ExtensibilityGlobals) = postSolution
		SolutionGuid = {163E76E5-0988-48A9-8EF9-05F9AFFD44F0}
	EndGlobalSection
EndGlobal
